# generated by rye
# use `rye lock` or `rye sync` to update this lockfile
#
# last locked with the following flags:
#   pre: false
#   features: []
#   all-features: false
#   with-sources: false
#   generate-hashes: false

-e file:.
annotated-types==0.7.0
    # via pydantic
arviz==0.18.0
    # via maud-metabolic-models
click==8.1.7
    # via maud-metabolic-models
    # via typer-slim
cmdstanpy==1.2.4
    # via maud-metabolic-models
contourpy==1.2.1
    # via matplotlib
cycler==0.12.1
    # via matplotlib
depinfo==1.7.0
    # via maud-metabolic-models
dm-tree==0.1.8
    # via arviz
filelock==3.15.4
    # via torch
fonttools==4.53.0
    # via matplotlib
fsspec==2024.6.0
    # via torch
h5netcdf==1.3.0
    # via arviz
h5py==3.11.0
    # via h5netcdf
importlib-resources==6.4.0
    # via maud-metabolic-models
jinja2==3.1.4
    # via torch
kiwisolver==1.4.5
    # via matplotlib
markupsafe==2.1.5
    # via jinja2
matplotlib==3.9.0
    # via arviz
    # via maud-metabolic-models
maud-metabolic-models @ git+https://github.com/carrascomj/Maud@3a7ee1ece4afbf445a8af5d2d550ede4eb5ec7a9#egg=3a7ee1ece4afbf445a8af5d2d550ede4eb5ec7a9
    # via maudy
mpmath==1.3.0
    # via sympy
networkx==3.3
    # via torch
numpy==1.26.4
    # via arviz
    # via cmdstanpy
    # via contourpy
    # via h5py
    # via matplotlib
    # via maud-metabolic-models
    # via opt-einsum
    # via pandas
    # via pyro-ppl
    # via scipy
    # via stanio
    # via xarray
    # via xarray-einstats
nvidia-cublas-cu12==12.1.3.1
    # via nvidia-cudnn-cu12
    # via nvidia-cusolver-cu12
    # via torch
nvidia-cuda-cupti-cu12==12.1.105
    # via torch
nvidia-cuda-nvrtc-cu12==12.1.105
    # via torch
nvidia-cuda-runtime-cu12==12.1.105
    # via torch
nvidia-cudnn-cu12==8.9.2.26
    # via torch
nvidia-cufft-cu12==11.0.2.54
    # via torch
nvidia-curand-cu12==10.3.2.106
    # via torch
nvidia-cusolver-cu12==11.4.5.107
    # via torch
nvidia-cusparse-cu12==12.1.0.106
    # via nvidia-cusolver-cu12
    # via torch
nvidia-nccl-cu12==2.20.5
    # via torch
nvidia-nvjitlink-cu12==12.5.40
    # via nvidia-cusolver-cu12
    # via nvidia-cusparse-cu12
nvidia-nvtx-cu12==12.1.105
    # via torch
opt-einsum==3.3.0
    # via pyro-ppl
packaging==24.1
    # via arviz
    # via h5netcdf
    # via matplotlib
    # via xarray
pandas==2.2.2
    # via arviz
    # via cmdstanpy
    # via maud-metabolic-models
    # via xarray
pillow==10.3.0
    # via matplotlib
pip==24.1
    # via maud-metabolic-models
pydantic==2.7.4
    # via maud-metabolic-models
pydantic-core==2.18.4
    # via pydantic
pyparsing==3.1.2
    # via matplotlib
pyro-api==0.1.2
    # via pyro-ppl
pyro-ppl==1.9.1
    # via maudy
python-dateutil==2.9.0.post0
    # via matplotlib
    # via pandas
pytz==2024.1
    # via pandas
scipy==1.14.0
    # via arviz
    # via maud-metabolic-models
    # via xarray-einstats
setuptools==70.1.1
    # via arviz
six==1.16.0
    # via python-dateutil
stanio==0.5.0
    # via cmdstanpy
sympy==1.12.1
    # via maud-metabolic-models
    # via torch
toml==0.10.2
    # via maud-metabolic-models
torch==2.3.1
    # via maudy
    # via pyro-ppl
tqdm==4.66.4
    # via cmdstanpy
    # via maudy
    # via pyro-ppl
typer-slim==0.12.3
    # via maudy
typing-extensions==4.12.2
    # via arviz
    # via pydantic
    # via pydantic-core
    # via torch
    # via typer-slim
tzdata==2024.1
    # via pandas
xarray==2024.6.0
    # via arviz
    # via xarray-einstats
xarray-einstats==0.7.0
    # via arviz
